
Microsoft Visual Studio Solution File, Format Version 12.00
# Visual Studio Version 16
VisualStudioVersion = 16.0.31205.134
MinimumVisualStudioVersion = 10.0.40219.1
Project("{FAE04EC0-301F-11D3-BF4B-00C04F79EFBC}") = "Parcialfinal", "Parcialfinal\Parcialfinal.csproj", "{C0FC6A13-C0B7-4509-94EF-D016AAE0A9E1}"
EndProject
Project("{FAE04EC0-301F-11D3-BF4B-00C04F79EFBC}") = "Program_Library", "Program_Library\Program_Library.csproj", "{E83718A5-76C0-48B7-AAC7-52CAF473D9CB}"
EndProject
Global
	GlobalSection(SolutionConfigurationPlatforms) = preSolution
		Debug|Any CPU = Debug|Any CPU
		Release|Any CPU = Release|Any CPU
	EndGlobalSection
	GlobalSection(ProjectConfigurationPlatforms) = postSolution
		{C0FC6A13-C0B7-4509-94EF-D016AAE0A9E1}.Debug|Any CPU.ActiveCfg = Debug|Any CPU
		{C0FC6A13-C0B7-4509-94EF-D016AAE0A9E1}.Debug|Any CPU.Build.0 = Debug|Any CPU
		{C0FC6A13-C0B7-4509-94EF-D016AAE0A9E1}.Release|Any CPU.ActiveCfg = Release|Any CPU
		{C0FC6A13-C0B7-4509-94EF-D016AAE0A9E1}.Release|Any CPU.Build.0 = Release|Any CPU
		{E83718A5-76C0-48B7-AAC7-52CAF473D9CB}.Debug|Any CPU.ActiveCfg = Debug|Any CPU
		{E83718A5-76C0-48B7-AAC7-52CAF473D9CB}.Debug|Any CPU.Build.0 = Debug|Any CPU
		{E83718A5-76C0-48B7-AAC7-52CAF473D9CB}.Release|Any CPU.ActiveCfg = Release|Any CPU
		{E83718A5-76C0-48B7-AAC7-52CAF473D9CB}.Release|Any CPU.Build.0 = Release|Any CPU
	EndGlobalSection
	GlobalSection(SolutionProperties) = preSolution
		HideSolutionNode = FALSE
	EndGlobalSection
	GlobalSection(ExtensibilityGlobals) = postSolution
		SolutionGuid = {1FDAE7BA-3355-4F6C-92C3-B7C0A2A6DABD}
	EndGlobalSection
EndGlobal
